Microsoft Visual Studio Solution File, Format Version 12.00
# Visual Studio Version 17
VisualStudioVersion = 17.5.2.0
MinimumVisualStudioVersion = 10.0.40219.1
Project("{FAE04EC0-301F-11D3-BF4B-00C04F79EFBC}") = "SimpleBankPaymentsAPI", "SimpleBankPaymentsAPI.csproj", "{C545BE99-5A1F-FECA-6869-8CEC5540B79D}"
EndProject
Global
	GlobalSection(SolutionConfigurationPlatforms) = preSolution
		Debug|Any CPU = Debug|Any CPU
		Release|Any CPU = Release|Any CPU
	EndGlobalSection
	GlobalSection(ProjectConfigurationPlatforms) = postSolution
		{C545BE99-5A1F-FECA-6869-8CEC5540B79D}.Debug|Any CPU.ActiveCfg = Debug|Any CPU
		{C545BE99-5A1F-FECA-6869-8CEC5540B79D}.Debug|Any CPU.Build.0 = Debug|Any CPU
		{C545BE99-5A1F-FECA-6869-8CEC5540B79D}.Release|Any CPU.ActiveCfg = Release|Any CPU
		{C545BE99-5A1F-FECA-6869-8CEC5540B79D}.Release|Any CPU.Build.0 = Release|Any CPU
	EndGlobalSection
	GlobalSection(SolutionProperties) = preSolution
		HideSolutionNode = FALSE
	EndGlobalSection
	GlobalSection(ExtensibilityGlobals) = postSolution
		SolutionGuid = {B4EC8180-40C4-41EB-8FFA-6BBD414FC876}
	EndGlobalSection
EndGlobal
